<?xml version="1.0" encoding="utf-8"?>
<Project ToolsVersion="17.0" xmlns="http://schemas.microsoft.com/developer/msbuild/2003">
  <ItemGroup>
    <ClCompile Include="C:\Users\david\src\hello_world\src\hello_osg\hello_osg.cpp">
      <Filter>Source Files</Filter>
    </ClCompile>
  </ItemGroup>
  <ItemGroup>
    <CustomBuild Include="C:\Users\david\src\hello_world\src\hello_osg\CMakeLists.txt" />
  </ItemGroup>
  <ItemGroup>
    <Filter Include="Source Files">
      <UniqueIdentifier>{25E4FCF5-7938-3A96-BFFC-A7C1AAE91712}</UniqueIdentifier>
    </Filter>
  </ItemGroup>
</Project>
